
Microsoft Visual Studio Solution File, Format Version 12.00
# Visual Studio Version 17
VisualStudioVersion = 17.6.33723.286
MinimumVisualStudioVersion = 10.0.40219.1
Project("{9A19103F-16F7-4668-BE54-9A1E7A4F7556}") = "GrpcServer", "GrpcServer\GrpcServer.csproj", "{154DE9F3-27BD-48B8-AD7F-15AAE287646D}"
EndProject
Project("{9A19103F-16F7-4668-BE54-9A1E7A4F7556}") = "GrpcClient", "GrpcClient\GrpcClient.csproj", "{E0D0FEAA-A829-4F91-886D-77119CD7F4DD}"
EndProject
Project("{9A19103F-16F7-4668-BE54-9A1E7A4F7556}") = "GrpcProtos", "GrpcProtos\GrpcProtos.csproj", "{0DA7BF47-61CF-40D7-8147-8EF8F4981FD7}"
EndProject
Project("{FAE04EC0-301F-11D3-BF4B-00C04F79EFBC}") = "GrpcModels", "GrpcModels\GrpcModels.csproj", "{86D18787-B94A-415C-989A-60537EB9142A}"
EndProject
Project("{2150E333-8FDC-42A3-9474-1A3956D46DE8}") = "Solution Items", "Solution Items", "{6C8663D5-69A1-445E-8F82-31D3D2D7D669}"
	ProjectSection(SolutionItems) = preProject
		.editorconfig = .editorconfig
	EndProjectSection
EndProject
Global
	GlobalSection(SolutionConfigurationPlatforms) = preSolution
		Debug|Any CPU = Debug|Any CPU
		Release|Any CPU = Release|Any CPU
	EndGlobalSection
	GlobalSection(ProjectConfigurationPlatforms) = postSolution
		{154DE9F3-27BD-48B8-AD7F-15AAE287646D}.Debug|Any CPU.ActiveCfg = Debug|Any CPU
		{154DE9F3-27BD-48B8-AD7F-15AAE287646D}.Debug|Any CPU.Build.0 = Debug|Any CPU
		{154DE9F3-27BD-48B8-AD7F-15AAE287646D}.Release|Any CPU.ActiveCfg = Release|Any CPU
		{154DE9F3-27BD-48B8-AD7F-15AAE287646D}.Release|Any CPU.Build.0 = Release|Any CPU
		{E0D0FEAA-A829-4F91-886D-77119CD7F4DD}.Debug|Any CPU.ActiveCfg = Debug|Any CPU
		{E0D0FEAA-A829-4F91-886D-77119CD7F4DD}.Debug|Any CPU.Build.0 = Debug|Any CPU
		{E0D0FEAA-A829-4F91-886D-77119CD7F4DD}.Release|Any CPU.ActiveCfg = Release|Any CPU
		{E0D0FEAA-A829-4F91-886D-77119CD7F4DD}.Release|Any CPU.Build.0 = Release|Any CPU
		{0DA7BF47-61CF-40D7-8147-8EF8F4981FD7}.Debug|Any CPU.ActiveCfg = Debug|Any CPU
		{0DA7BF47-61CF-40D7-8147-8EF8F4981FD7}.Debug|Any CPU.Build.0 = Debug|Any CPU
		{0DA7BF47-61CF-40D7-8147-8EF8F4981FD7}.Release|Any CPU.ActiveCfg = Release|Any CPU
		{0DA7BF47-61CF-40D7-8147-8EF8F4981FD7}.Release|Any CPU.Build.0 = Release|Any CPU
		{86D18787-B94A-415C-989A-60537EB9142A}.Debug|Any CPU.ActiveCfg = Debug|Any CPU
		{86D18787-B94A-415C-989A-60537EB9142A}.Debug|Any CPU.Build.0 = Debug|Any CPU
		{86D18787-B94A-415C-989A-60537EB9142A}.Release|Any CPU.ActiveCfg = Release|Any CPU
		{86D18787-B94A-415C-989A-60537EB9142A}.Release|Any CPU.Build.0 = Release|Any CPU
	EndGlobalSection
	GlobalSection(SolutionProperties) = preSolution
		HideSolutionNode = FALSE
	EndGlobalSection
	GlobalSection(ExtensibilityGlobals) = postSolution
		SolutionGuid = {77DD8D5D-F26A-4235-90E2-C01E68D4908E}
	EndGlobalSection
EndGlobal
